<?xml version="1.0" encoding="utf-8"?>
<Project ToolsVersion="4.0" xmlns="http://schemas.microsoft.com/developer/msbuild/2003">
  <ItemGroup>
    <Filter Include="소스 파일">
      <UniqueIdentifier>{4FC737F1-C7A5-4376-A066-2A32D752A2FF}</UniqueIdentifier>
      <Extensions>cpp;c;cc;cxx;c++;cppm;ixx;def;odl;idl;hpj;bat;asm;asmx</Extensions>
    </Filter>
    <Filter Include="헤더 파일">
      <UniqueIdentifier>{93995380-89BD-4b04-88EB-625FBE52EBFB}</UniqueIdentifier>
      <Extensions>h;hh;hpp;hxx;h++;hm;inl;inc;ipp;xsd</Extensions>
    </Filter>
    <Filter Include="리소스 파일">
      <UniqueIdentifier>{67DA6AB6-F800-4c08-8B7A-83BB121AAD01}</UniqueIdentifier>
      <Extensions>rc;ico;cur;bmp;dlg;rc2;rct;bin;rgs;gif;jpg;jpeg;jpe;resx;tiff;tif;png;wav;mfcribbon-ms</Extensions>
    </Filter>
  </ItemGroup>
  <ItemGroup>
    <ClCompile Include="useIntStack.c">
      <Filter>소스 파일</Filter>
    </ClCompile>
    <ClCompile Include="doubleStack.h">
      <Filter>헤더 파일</Filter>
    </ClCompile>
    <ClCompile Include="doubleStack.cpp">
      <Filter>소스 파일</Filter>
    </ClCompile>
    <ClCompile Include="IntQueue.cpp">
      <Filter>소스 파일</Filter>
    </ClCompile>
    <ClCompile Include="useIntQueue.c">
      <Filter>소스 파일</Filter>
    </ClCompile>
    <ClCompile Include="230612.cpp">
      <Filter>소스 파일</Filter>
    </ClCompile>
    <ClCompile Include="charStack.cpp">
      <Filter>소스 파일</Filter>
    </ClCompile>
    <ClCompile Include="charQueue.cpp">
      <Filter>소스 파일</Filter>
    </ClCompile>
    <ClCompile Include="230615.cpp">
      <Filter>소스 파일</Filter>
    </ClCompile>
    <ClCompile Include="230616.cpp">
      <Filter>소스 파일</Filter>
    </ClCompile>
    <ClCompile Include="Stopwatch.cpp">
      <Filter>소스 파일</Filter>
    </ClCompile>
    <ClCompile Include="useStopwatch.cpp">
      <Filter>소스 파일</Filter>
    </ClCompile>
    <ClCompile Include="hanoi.cpp">
      <Filter>소스 파일</Filter>
    </ClCompile>
    <ClCompile Include="BubbleSort.cpp">
      <Filter>소스 파일</Filter>
    </ClCompile>
    <ClCompile Include="SelectionSort.cpp">
      <Filter>소스 파일</Filter>
    </ClCompile>
    <ClCompile Include="SortTimeCheck.cpp">
      <Filter>소스 파일</Filter>
    </ClCompile>
    <ClCompile Include="ShellSort.cpp">
      <Filter>소스 파일</Filter>
    </ClCompile>
    <ClCompile Include="MySort.cpp">
      <Filter>소스 파일</Filter>
    </ClCompile>
    <ClCompile Include="useQuicksort.cpp">
      <Filter>소스 파일</Filter>
    </ClCompile>
    <ClCompile Include="useMergeSort.cpp">
      <Filter>소스 파일</Filter>
    </ClCompile>
    <ClCompile Include="useHeapSort.cpp">
      <Filter>소스 파일</Filter>
    </ClCompile>
    <ClCompile Include="useFreqSort.cpp">
      <Filter>소스 파일</Filter>
    </ClCompile>
    <ClCompile Include="BruteForce.cpp">
      <Filter>소스 파일</Filter>
    </ClCompile>
    <ClCompile Include="useKMP.cpp">
      <Filter>소스 파일</Filter>
    </ClCompile>
    <ClCompile Include="useBoyerMoore.cpp">
      <Filter>소스 파일</Filter>
    </ClCompile>
    <ClCompile Include="MyList.cpp">
      <Filter>소스 파일</Filter>
    </ClCompile>
    <ClCompile Include="StudentList.cpp">
      <Filter>소스 파일</Filter>
    </ClCompile>
    <ClCompile Include="16916.cpp">
      <Filter>소스 파일</Filter>
    </ClCompile>
    <ClCompile Include="CursorList.cpp">
      <Filter>소스 파일</Filter>
    </ClCompile>
    <ClCompile Include="useCursorList.cpp">
      <Filter>소스 파일</Filter>
    </ClCompile>
    <ClCompile Include="MyDoubleList.cpp">
      <Filter>소스 파일</Filter>
    </ClCompile>
    <ClCompile Include="useDoubleList.cpp">
      <Filter>소스 파일</Filter>
    </ClCompile>
    <ClCompile Include="MyTree.cpp">
      <Filter>소스 파일</Filter>
    </ClCompile>
    <ClCompile Include="useHashTable.cpp">
      <Filter>소스 파일</Filter>
    </ClCompile>
  </ItemGroup>
  <ItemGroup>
    <ClInclude Include="IntQueue.h">
      <Filter>헤더 파일</Filter>
    </ClInclude>
    <ClInclude Include="charStack.h">
      <Filter>헤더 파일</Filter>
    </ClInclude>
    <ClInclude Include="charQueue.h">
      <Filter>헤더 파일</Filter>
    </ClInclude>
    <ClInclude Include="Stopwatch.h">
      <Filter>헤더 파일</Filter>
    </ClInclude>
    <ClInclude Include="MySort.h">
      <Filter>헤더 파일</Filter>
    </ClInclude>
    <ClInclude Include="StrComp.h">
      <Filter>헤더 파일</Filter>
    </ClInclude>
    <ClInclude Include="MyList.h">
      <Filter>헤더 파일</Filter>
    </ClInclude>
    <ClInclude Include="CursorList.h">
      <Filter>헤더 파일</Filter>
    </ClInclude>
    <ClInclude Include="MyDoubleList.h">
      <Filter>헤더 파일</Filter>
    </ClInclude>
    <ClInclude Include="MyTree.h">
      <Filter>헤더 파일</Filter>
    </ClInclude>
    <ClInclude Include="MyHash.h">
      <Filter>헤더 파일</Filter>
    </ClInclude>
  </ItemGroup>
</Project>